
Microsoft Visual Studio Solution File, Format Version 12.00
# Visual Studio Version 16
VisualStudioVersion = 16.0.30804.86
MinimumVisualStudioVersion = 10.0.40219.1
Project("{FAE04EC0-301F-11D3-BF4B-00C04F79EFBC}") = "图书管理系统", "图书管理系统.csproj", "{5C76297D-A037-4135-9B1B-C0DCFD5AA1ED}"
EndProject
Global
	GlobalSection(SolutionConfigurationPlatforms) = preSolution
		Debug|Any CPU = Debug|Any CPU
		Release|Any CPU = Release|Any CPU
	EndGlobalSection
	GlobalSection(ProjectConfigurationPlatforms) = postSolution
		{5C76297D-A037-4135-9B1B-C0DCFD5AA1ED}.Debug|Any CPU.ActiveCfg = Debug|Any CPU
		{5C76297D-A037-4135-9B1B-C0DCFD5AA1ED}.Debug|Any CPU.Build.0 = Debug|Any CPU
		{5C76297D-A037-4135-9B1B-C0DCFD5AA1ED}.Release|Any CPU.ActiveCfg = Release|Any CPU
		{5C76297D-A037-4135-9B1B-C0DCFD5AA1ED}.Release|Any CPU.Build.0 = Release|Any CPU
	EndGlobalSection
	GlobalSection(SolutionProperties) = preSolution
		HideSolutionNode = FALSE
	EndGlobalSection
	GlobalSection(ExtensibilityGlobals) = postSolution
		SolutionGuid = {EA3F9319-CE23-41E1-9479-8ABCD240E73D}
	EndGlobalSection
EndGlobal
